<?xml version="1.0" encoding="utf-8"?>
<Project ToolsVersion="4.0" xmlns="http://schemas.microsoft.com/developer/msbuild/2003">
  <ItemGroup>
    <Filter Include="リソース ファイル">
      <UniqueIdentifier>{67DA6AB6-F800-4c08-8B7A-83BB121AAD01}</UniqueIdentifier>
      <Extensions>rc;ico;cur;bmp;dlg;rc2;rct;bin;rgs;gif;jpg;jpeg;jpe;resx;tiff;tif;png;wav;mfcribbon-ms</Extensions>
    </Filter>
    <Filter Include="imgui">
      <UniqueIdentifier>{d7caa169-3c67-4e07-897f-0d9115a5eac6}</UniqueIdentifier>
    </Filter>
    <Filter Include="リソース ファイル\hlsl">
      <UniqueIdentifier>{35d39956-fa52-4e51-b1d6-3e70ed846589}</UniqueIdentifier>
    </Filter>
    <Filter Include="Scenesソース">
      <UniqueIdentifier>{4daa0f17-004f-4069-be16-b52ffc9211c4}</UniqueIdentifier>
    </Filter>
    <Filter Include="Scenesソース\Manager">
      <UniqueIdentifier>{d7d1cf80-41a1-433d-aa34-ec9099cfbd06}</UniqueIdentifier>
    </Filter>
    <Filter Include="Scenesソース\State">
      <UniqueIdentifier>{815f09b2-983d-4b5d-9155-7098162ef22a}</UniqueIdentifier>
    </Filter>
    <Filter Include="Scenesヘッダー">
      <UniqueIdentifier>{ce7a2ccb-3c79-4d96-9a64-5c69d1f951a3}</UniqueIdentifier>
    </Filter>
    <Filter Include="Scenesヘッダー\State">
      <UniqueIdentifier>{23c14a85-fee4-41c0-bb09-43b1d5f71aa3}</UniqueIdentifier>
    </Filter>
    <Filter Include="Scenesヘッダー\Manager">
      <UniqueIdentifier>{a12342b7-6a3c-4011-a2ee-bc9da68c4b95}</UniqueIdentifier>
    </Filter>
    <Filter Include="Engine">
      <UniqueIdentifier>{861af4d5-3558-4d04-b401-56f592d6ea2c}</UniqueIdentifier>
    </Filter>
    <Filter Include="Engine\Base">
      <UniqueIdentifier>{2806d90d-dfbd-494c-96ee-f7b0459b6169}</UniqueIdentifier>
    </Filter>
    <Filter Include="Engine\Base\Audio">
      <UniqueIdentifier>{f83829ed-9c6d-4074-b251-3370b447ad90}</UniqueIdentifier>
    </Filter>
    <Filter Include="Engine\Base\Math">
      <UniqueIdentifier>{87b4747d-9fc9-48b6-9b92-c2630b72220f}</UniqueIdentifier>
    </Filter>
    <Filter Include="Engine\Base\Input">
      <UniqueIdentifier>{49b3ff11-b79f-4001-b77a-a6324b522fc0}</UniqueIdentifier>
    </Filter>
    <Filter Include="Engine\Base\Math\Struct">
      <UniqueIdentifier>{8f2b2d68-43a5-4dd5-9319-712fec70fe16}</UniqueIdentifier>
    </Filter>
    <Filter Include="Engine\Base\Model_Struct">
      <UniqueIdentifier>{73939f7d-cb0a-4e43-8d59-dafcbde55a75}</UniqueIdentifier>
    </Filter>
    <Filter Include="Engine\Base\Utility">
      <UniqueIdentifier>{5a099ea9-f46d-4895-adc4-1c7ba8f5c2b1}</UniqueIdentifier>
    </Filter>
    <Filter Include="Engine\Base\Collider">
      <UniqueIdentifier>{0a9c68e3-19ae-4e6e-94e4-55158d97d1d7}</UniqueIdentifier>
    </Filter>
    <Filter Include="Engine\Base\Primitive">
      <UniqueIdentifier>{8064f97a-7bf9-44aa-b8d6-292822d8e3f8}</UniqueIdentifier>
    </Filter>
    <Filter Include="Engine\Base\Primitive\Mesh">
      <UniqueIdentifier>{ccfb8c38-d7eb-43f3-9763-694e5382f517}</UniqueIdentifier>
    </Filter>
    <Filter Include="Engine\Base\Renderer">
      <UniqueIdentifier>{8cfc794f-c768-415e-934b-a9adb6bc7e95}</UniqueIdentifier>
    </Filter>
    <Filter Include="Engine\Base\Primitive\Sphere">
      <UniqueIdentifier>{4d776eb9-c593-4eeb-9d39-c48b6c815ecf}</UniqueIdentifier>
    </Filter>
    <Filter Include="Engine\Base\Manager">
      <UniqueIdentifier>{5968a9ae-3883-44a4-a507-276fd561040b}</UniqueIdentifier>
    </Filter>
    <Filter Include="Engine\Base\PipeLineState">
      <UniqueIdentifier>{e67453e3-e710-4802-994b-121d17007248}</UniqueIdentifier>
    </Filter>
    <Filter Include="Engine\Base\PipeLineState\Standard">
      <UniqueIdentifier>{81ee9963-0a54-4279-9bf3-8189cffc6162}</UniqueIdentifier>
    </Filter>
    <Filter Include="Engine\Base\ShaderCompiler">
      <UniqueIdentifier>{e5dd07ba-6454-49b4-b0b4-8e7c882c2867}</UniqueIdentifier>
    </Filter>
    <Filter Include="Objectヘッダー">
      <UniqueIdentifier>{faede969-9cff-4d59-8b57-be40bbb4305b}</UniqueIdentifier>
    </Filter>
    <Filter Include="Objectソース">
      <UniqueIdentifier>{bca7fba2-5077-4a90-b5f7-22298fe0c997}</UniqueIdentifier>
    </Filter>
    <Filter Include="Objectソース\Ground">
      <UniqueIdentifier>{980fe1b3-9f68-446e-9946-9a4652f3c189}</UniqueIdentifier>
    </Filter>
    <Filter Include="Objectヘッダー\Ground">
      <UniqueIdentifier>{1948afb5-41a5-4839-a33e-6123ea7d4819}</UniqueIdentifier>
    </Filter>
    <Filter Include="Objectソース\Skydome">
      <UniqueIdentifier>{8d6cf40f-3e54-4532-93a7-517f24f1167c}</UniqueIdentifier>
    </Filter>
    <Filter Include="Objectヘッダー\Skydome">
      <UniqueIdentifier>{7a3f8941-376d-4974-9c3c-10fd3fe8e5fe}</UniqueIdentifier>
    </Filter>
    <Filter Include="Objectヘッダー\Character">
      <UniqueIdentifier>{ddf6c8f1-c5b0-4f55-973a-d4bfd270f6a6}</UniqueIdentifier>
    </Filter>
    <Filter Include="Objectヘッダー\Character\Player">
      <UniqueIdentifier>{16aa3560-91e3-40aa-8201-0976a78da472}</UniqueIdentifier>
    </Filter>
    <Filter Include="Objectソース\Character">
      <UniqueIdentifier>{5f81fdcb-bc3d-497c-bc20-9fbc34a344c0}</UniqueIdentifier>
    </Filter>
    <Filter Include="Objectソース\Character\Player">
      <UniqueIdentifier>{4a27209b-3836-4b19-abdb-99aecf42ffb1}</UniqueIdentifier>
    </Filter>
    <Filter Include="Objectヘッダー\FollowCamera">
      <UniqueIdentifier>{0a9f921c-ee19-41be-84ea-733ff6e90ed8}</UniqueIdentifier>
    </Filter>
    <Filter Include="Objectソース\FollowCamera">
      <UniqueIdentifier>{5f0cc85c-e8fe-47d9-a630-02d10f3bb4c9}</UniqueIdentifier>
    </Filter>
    <Filter Include="Objectヘッダー\Wall">
      <UniqueIdentifier>{87737bd6-4e87-4e5e-b697-27009c8bf1ff}</UniqueIdentifier>
    </Filter>
    <Filter Include="Objectソース\Wall">
      <UniqueIdentifier>{7f511a5f-78b6-434a-8f8a-70330dafba1c}</UniqueIdentifier>
    </Filter>
    <Filter Include="Objectヘッダー\BuffItem">
      <UniqueIdentifier>{51059538-0e1b-4abf-bde6-5221dd4e3da3}</UniqueIdentifier>
    </Filter>
    <Filter Include="Objectソース\BuffItem">
      <UniqueIdentifier>{f48cd279-6d59-4d2a-a8f9-07668b760f4e}</UniqueIdentifier>
    </Filter>
    <Filter Include="Engine\Base\PipeLineState\MotionBlur">
      <UniqueIdentifier>{8657b7f2-469f-42b4-9ae9-1c609af69ab8}</UniqueIdentifier>
    </Filter>
    <Filter Include="Objectヘッダー\Character\Boss">
      <UniqueIdentifier>{674156b6-632d-4799-b826-d3ad8e3b6d0c}</UniqueIdentifier>
    </Filter>
    <Filter Include="Objectソース\Character\Boss">
      <UniqueIdentifier>{d67b46bf-145e-4dc7-8460-19585a190ca8}</UniqueIdentifier>
    </Filter>
    <Filter Include="Engine\Base\ParticleSystem">
      <UniqueIdentifier>{34f478f3-57a3-4025-a422-580d5aa8a02a}</UniqueIdentifier>
    </Filter>
    <Filter Include="Engine\Base\ParticleSystem\PipeLine">
      <UniqueIdentifier>{8d17b90d-e4c7-4b3d-af7b-49fdf10bbef5}</UniqueIdentifier>
    </Filter>
  </ItemGroup>
  <ItemGroup>
    <ClCompile Include="externals\imgui\imgui.cpp">
      <Filter>imgui</Filter>
    </ClCompile>
    <ClCompile Include="externals\imgui\imgui_demo.cpp">
      <Filter>imgui</Filter>
    </ClCompile>
    <ClCompile Include="externals\imgui\imgui_draw.cpp">
      <Filter>imgui</Filter>
    </ClCompile>
    <ClCompile Include="externals\imgui\imgui_impl_dx12.cpp">
      <Filter>imgui</Filter>
    </ClCompile>
    <ClCompile Include="externals\imgui\imgui_impl_win32.cpp">
      <Filter>imgui</Filter>
    </ClCompile>
    <ClCompile Include="externals\imgui\imgui_tables.cpp">
      <Filter>imgui</Filter>
    </ClCompile>
    <ClCompile Include="externals\imgui\imgui_widgets.cpp">
      <Filter>imgui</Filter>
    </ClCompile>
    <ClCompile Include="Scenes\Manager\GameManager.cpp">
      <Filter>Scenesソース\Manager</Filter>
    </ClCompile>
    <ClCompile Include="Scenes\State\GameClearState.cpp">
      <Filter>Scenesソース\State</Filter>
    </ClCompile>
    <ClCompile Include="Scenes\State\GamePlayState.cpp">
      <Filter>Scenesソース\State</Filter>
    </ClCompile>
    <ClCompile Include="Scenes\State\GameTitleState.cpp">
      <Filter>Scenesソース\State</Filter>
    </ClCompile>
    <ClCompile Include="Base\Input\Input.cpp">
      <Filter>Engine\Base\Input</Filter>
    </ClCompile>
    <ClCompile Include="Base\Math\MatrixCalc.cpp">
      <Filter>Engine\Base\Math</Filter>
    </ClCompile>
    <ClCompile Include="Base\Math\VectorCalc.cpp">
      <Filter>Engine\Base\Math</Filter>
    </ClCompile>
    <ClCompile Include="Base\Audio\Audio.cpp">
      <Filter>Engine\Base\Audio</Filter>
    </ClCompile>
    <ClCompile Include="Base\Math\Calc.cpp">
      <Filter>Engine\Base\Math</Filter>
    </ClCompile>
    <ClCompile Include="Base\Utility\BoxCollider.cpp">
      <Filter>Engine\Base\Collider</Filter>
    </ClCompile>
    <ClCompile Include="Base\Utility\CircleCollider.cpp">
      <Filter>Engine\Base\Collider</Filter>
    </ClCompile>
    <ClCompile Include="Base\Utility\OBBoxCollider.cpp">
      <Filter>Engine\Base\Collider</Filter>
    </ClCompile>
    <ClCompile Include="Base\Utility\CollisionManager.cpp">
      <Filter>Engine\Base\Utility</Filter>
    </ClCompile>
    <ClCompile Include="Base\Utility\GlobalVariables.cpp">
      <Filter>Engine\Base\Utility</Filter>
    </ClCompile>
    <ClCompile Include="Base\Utility\ImGuiManager.cpp">
      <Filter>Engine\Base\Utility</Filter>
    </ClCompile>
    <ClCompile Include="Base\Utility\LoadCSV.cpp">
      <Filter>Engine\Base\Utility</Filter>
    </ClCompile>
    <ClCompile Include="Base\Utility\Log.cpp">
      <Filter>Engine\Base\Utility</Filter>
    </ClCompile>
    <ClCompile Include="Base\DirectXCommon.cpp">
      <Filter>Engine\Base</Filter>
    </ClCompile>
    <ClCompile Include="Base\Light.cpp">
      <Filter>Engine\Base</Filter>
    </ClCompile>
    <ClCompile Include="Base\Model.cpp">
      <Filter>Engine\Base</Filter>
    </ClCompile>
    <ClCompile Include="Base\MyEngine.cpp">
      <Filter>Engine\Base</Filter>
    </ClCompile>
    <ClCompile Include="Base\Sprite.cpp">
      <Filter>Engine\Base</Filter>
    </ClCompile>
    <ClCompile Include="Base\TextureManager.cpp">
      <Filter>Engine\Base</Filter>
    </ClCompile>
    <ClCompile Include="Base\ViewProjection.cpp">
      <Filter>Engine\Base</Filter>
    </ClCompile>
    <ClCompile Include="Base\WinApp.cpp">
      <Filter>Engine\Base</Filter>
    </ClCompile>
    <ClCompile Include="Base\WorldTransform.cpp">
      <Filter>Engine\Base</Filter>
    </ClCompile>
    <ClCompile Include="main.cpp" />
    <ClCompile Include="GameObject\Ground\Ground.cpp">
      <Filter>Objectソース\Ground</Filter>
    </ClCompile>
    <ClCompile Include="GameObject\Skydome\Skydome.cpp">
      <Filter>Objectソース\Skydome</Filter>
    </ClCompile>
    <ClCompile Include="GameObject\Character\Player\Player.cpp">
      <Filter>Objectソース\Character\Player</Filter>
    </ClCompile>
    <ClCompile Include="GameObject\Character\ICharacter\ICharacter.cpp">
      <Filter>Objectソース\Character</Filter>
    </ClCompile>
    <ClCompile Include="GameObject\FollowCamera\FollowCamera.cpp">
      <Filter>Objectソース\FollowCamera</Filter>
    </ClCompile>
    <ClCompile Include="GameObject\Wall\Wall.cpp">
      <Filter>Objectソース\Wall</Filter>
    </ClCompile>
    <ClCompile Include="GameObject\BuffItem\BuffItem.cpp">
      <Filter>Objectソース\BuffItem</Filter>
    </ClCompile>
    <ClCompile Include="Base\Mesh.cpp">
      <Filter>Engine\Base\Primitive\Mesh</Filter>
    </ClCompile>
    <ClCompile Include="Base\Sphere.cpp">
      <Filter>Engine\Base\Primitive\Sphere</Filter>
    </ClCompile>
    <ClCompile Include="Base\Renderer\Renderer.cpp">
      <Filter>Engine\Base\Renderer</Filter>
    </ClCompile>
    <ClCompile Include="Base\PipelineState\Standard\Standard.cpp">
      <Filter>Engine\Base\PipeLineState\Standard</Filter>
    </ClCompile>
    <ClCompile Include="Base\ShaderCompiler\ShaderCompiler.cpp">
      <Filter>Engine\Base\ShaderCompiler</Filter>
    </ClCompile>
    <ClCompile Include="Base\Manager\PSOManager.cpp">
      <Filter>Engine\Base\Manager</Filter>
    </ClCompile>
    <ClCompile Include="Base\PipelineState\MotionBlur\MotionBlur.cpp">
      <Filter>Engine\Base\PipeLineState\MotionBlur</Filter>
    </ClCompile>
    <ClCompile Include="Scenes\State\GameBossState.cpp">
      <Filter>Scenesソース\State</Filter>
    </ClCompile>
    <ClCompile Include="GameObject\Character\Boss\Boss.cpp">
      <Filter>Objectソース\Character\Boss</Filter>
    </ClCompile>
    <ClCompile Include="Scenes\State\GameOverState.cpp">
      <Filter>Scenesソース\State</Filter>
    </ClCompile>
    <ClCompile Include="Base\ParticleSystem\Particle.cpp">
      <Filter>Engine\Base\ParticleSystem</Filter>
    </ClCompile>
    <ClCompile Include="Base\ParticleSystem\PipeLine\ParticlePipeLine.cpp">
      <Filter>Engine\Base\ParticleSystem\PipeLine</Filter>
    </ClCompile>
  </ItemGroup>
  <ItemGroup>
    <ClInclude Include="externals\imgui\imconfig.h">
      <Filter>imgui</Filter>
    </ClInclude>
    <ClInclude Include="externals\imgui\imgui.h">
      <Filter>imgui</Filter>
    </ClInclude>
    <ClInclude Include="externals\imgui\imgui_impl_dx12.h">
      <Filter>imgui</Filter>
    </ClInclude>
    <ClInclude Include="externals\imgui\imgui_impl_win32.h">
      <Filter>imgui</Filter>
    </ClInclude>
    <ClInclude Include="externals\imgui\imgui_internal.h">
      <Filter>imgui</Filter>
    </ClInclude>
    <ClInclude Include="externals\imgui\imstb_rectpack.h">
      <Filter>imgui</Filter>
    </ClInclude>
    <ClInclude Include="externals\imgui\imstb_textedit.h">
      <Filter>imgui</Filter>
    </ClInclude>
    <ClInclude Include="externals\imgui\imstb_truetype.h">
      <Filter>imgui</Filter>
    </ClInclude>
    <ClInclude Include="Scenes\Manager\GameManager.h">
      <Filter>Scenesヘッダー\Manager</Filter>
    </ClInclude>
    <ClInclude Include="Scenes\State\GameClearState.h">
      <Filter>Scenesヘッダー\State</Filter>
    </ClInclude>
    <ClInclude Include="Scenes\State\GamePlayState.h">
      <Filter>Scenesヘッダー\State</Filter>
    </ClInclude>
    <ClInclude Include="Scenes\State\GameTitleState.h">
      <Filter>Scenesヘッダー\State</Filter>
    </ClInclude>
    <ClInclude Include="Scenes\State\IgameState.h">
      <Filter>Scenesヘッダー\State</Filter>
    </ClInclude>
    <ClInclude Include="Base\Model_Struct\Material.h">
      <Filter>Engine\Base\Model_Struct</Filter>
    </ClInclude>
    <ClInclude Include="Base\Model_Struct\ModelData.h">
      <Filter>Engine\Base\Model_Struct</Filter>
    </ClInclude>
    <ClInclude Include="Base\Model_Struct\Transform.h">
      <Filter>Engine\Base\Model_Struct</Filter>
    </ClInclude>
    <ClInclude Include="Base\Model_Struct\VertexData.h">
      <Filter>Engine\Base\Model_Struct</Filter>
    </ClInclude>
    <ClInclude Include="Base\Utility\CollisionManager.h">
      <Filter>Engine\Base\Utility</Filter>
    </ClInclude>
    <ClInclude Include="Base\Utility\GlobalVariables.h">
      <Filter>Engine\Base\Utility</Filter>
    </ClInclude>
    <ClInclude Include="Base\Utility\ImGuiManager.h">
      <Filter>Engine\Base\Utility</Filter>
    </ClInclude>
    <ClInclude Include="Base\Utility\LoadCSV.h">
      <Filter>Engine\Base\Utility</Filter>
    </ClInclude>
    <ClInclude Include="Base\Utility\Log.h">
      <Filter>Engine\Base\Utility</Filter>
    </ClInclude>
    <ClInclude Include="Base\Audio\Audio.h">
      <Filter>Engine\Base\Audio</Filter>
    </ClInclude>
    <ClInclude Include="Base\Input\Input.h">
      <Filter>Engine\Base\Input</Filter>
    </ClInclude>
    <ClInclude Include="Base\Math\Struct\Matrix3x3.h">
      <Filter>Engine\Base\Math\Struct</Filter>
    </ClInclude>
    <ClInclude Include="Base\Math\Struct\Matrix4x4.h">
      <Filter>Engine\Base\Math\Struct</Filter>
    </ClInclude>
    <ClInclude Include="Base\Math\Struct\Vector2.h">
      <Filter>Engine\Base\Math\Struct</Filter>
    </ClInclude>
    <ClInclude Include="Base\Math\Struct\Vector3.h">
      <Filter>Engine\Base\Math\Struct</Filter>
    </ClInclude>
    <ClInclude Include="Base\Math\Struct\Vector4.h">
      <Filter>Engine\Base\Math\Struct</Filter>
    </ClInclude>
    <ClInclude Include="Base\Math\Calc.h">
      <Filter>Engine\Base\Math</Filter>
    </ClInclude>
    <ClInclude Include="Base\Math\Math_Structs.h">
      <Filter>Engine\Base\Math</Filter>
    </ClInclude>
    <ClInclude Include="Base\Math\MatrixCalc.h">
      <Filter>Engine\Base\Math</Filter>
    </ClInclude>
    <ClInclude Include="Base\Math\VectorCalc.h">
      <Filter>Engine\Base\Math</Filter>
    </ClInclude>
    <ClInclude Include="Base\Utility\BoxCollider.h">
      <Filter>Engine\Base\Collider</Filter>
    </ClInclude>
    <ClInclude Include="Base\Utility\CircleCollider.h">
      <Filter>Engine\Base\Collider</Filter>
    </ClInclude>
    <ClInclude Include="Base\Utility\Collider.h">
      <Filter>Engine\Base\Collider</Filter>
    </ClInclude>
    <ClInclude Include="Base\Utility\CollisionConfig.h">
      <Filter>Engine\Base\Collider</Filter>
    </ClInclude>
    <ClInclude Include="Base\Utility\OBBoxCollider.h">
      <Filter>Engine\Base\Collider</Filter>
    </ClInclude>
    <ClInclude Include="Base\DirectXCommon.h">
      <Filter>Engine\Base</Filter>
    </ClInclude>
    <ClInclude Include="Base\Light.h">
      <Filter>Engine\Base</Filter>
    </ClInclude>
    <ClInclude Include="Base\Model.h">
      <Filter>Engine\Base</Filter>
    </ClInclude>
    <ClInclude Include="Base\MyEngine.h">
      <Filter>Engine\Base</Filter>
    </ClInclude>
    <ClInclude Include="Base\Sprite.h">
      <Filter>Engine\Base</Filter>
    </ClInclude>
    <ClInclude Include="Base\TextureManager.h">
      <Filter>Engine\Base</Filter>
    </ClInclude>
    <ClInclude Include="Base\ViewProjection.h">
      <Filter>Engine\Base</Filter>
    </ClInclude>
    <ClInclude Include="Base\WinApp.h">
      <Filter>Engine\Base</Filter>
    </ClInclude>
    <ClInclude Include="Base\WorldTransform.h">
      <Filter>Engine\Base</Filter>
    </ClInclude>
    <ClInclude Include="Base\PipelineState\IPipelineStateObject.h">
      <Filter>Engine\Base\PipeLineState</Filter>
    </ClInclude>
    <ClInclude Include="Base\Mesh.h">
      <Filter>Engine\Base\Primitive\Mesh</Filter>
    </ClInclude>
    <ClInclude Include="Base\PipelineState\PipeLineTags.h">
      <Filter>Engine\Base\PipeLineState</Filter>
    </ClInclude>
    <ClInclude Include="Base\Manager\PSOManager.h">
      <Filter>Engine\Base\Manager</Filter>
    </ClInclude>
    <ClInclude Include="Base\ShaderCompiler\ShaderCompiler.h">
      <Filter>Engine\Base\ShaderCompiler</Filter>
    </ClInclude>
    <ClInclude Include="Base\PipelineState\Standard\Standard.h">
      <Filter>Engine\Base\PipeLineState\Standard</Filter>
    </ClInclude>
    <ClInclude Include="Base\Renderer\Renderer.h">
      <Filter>Engine\Base\Renderer</Filter>
    </ClInclude>
    <ClInclude Include="Base\Sphere.h">
      <Filter>Engine\Base\Primitive\Sphere</Filter>
    </ClInclude>
    <ClInclude Include="Base\PipelineState\MotionBlur\MotionBlur.h">
      <Filter>Engine\Base\PipeLineState\MotionBlur</Filter>
    </ClInclude>
    <ClInclude Include="Scenes\State\GameBossState.h">
      <Filter>Scenesヘッダー\State</Filter>
    </ClInclude>
    <ClInclude Include="GameObject\Character\Boss\Boss.h">
      <Filter>Objectヘッダー\Character\Boss</Filter>
    </ClInclude>
    <ClInclude Include="resource.h" />
    <ClInclude Include="Scenes\State\GameOverState.h">
      <Filter>Scenesヘッダー\State</Filter>
    </ClInclude>
    <ClInclude Include="Base\ParticleSystem\Particle.h">
      <Filter>Engine\Base\ParticleSystem</Filter>
    </ClInclude>
    <ClInclude Include="Base\ParticleSystem\PipeLine\ParticlePipeLine.h">
      <Filter>Engine\Base\ParticleSystem\PipeLine</Filter>
    </ClInclude>
    <ClInclude Include="GameObject\BuffItem\BuffItem.h">
      <Filter>Objectヘッダー\BuffItem</Filter>
    </ClInclude>
    <ClInclude Include="GameObject\Character\ICharacter\ICharacter.h">
      <Filter>Objectヘッダー\Character</Filter>
    </ClInclude>
    <ClInclude Include="GameObject\Character\Player\Player.h">
      <Filter>Objectヘッダー\Character\Player</Filter>
    </ClInclude>
    <ClInclude Include="GameObject\Ground\Ground.h">
      <Filter>Objectヘッダー\Ground</Filter>
    </ClInclude>
    <ClInclude Include="GameObject\FollowCamera\FollowCamera.h">
      <Filter>Objectヘッダー\FollowCamera</Filter>
    </ClInclude>
    <ClInclude Include="GameObject\Skydome\Skydome.h">
      <Filter>Objectヘッダー\Skydome</Filter>
    </ClInclude>
    <ClInclude Include="GameObject\Wall\Wall.h">
      <Filter>Objectヘッダー\Wall</Filter>
    </ClInclude>
  </ItemGroup>
  <ItemGroup>
    <Text Include="externals\imgui\LICENSE.txt">
      <Filter>imgui</Filter>
    </Text>
  </ItemGroup>
  <ItemGroup>
    <None Include="resources\hlsl\Object3d.hlsli">
      <Filter>リソース ファイル\hlsl</Filter>
    </None>
    <None Include="resources\hlsl\Particle.hlsli">
      <Filter>リソース ファイル\hlsl</Filter>
    </None>
  </ItemGroup>
  <ItemGroup>
    <FxCompile Include="resources\hlsl\Object3d.PS.hlsl">
      <Filter>リソース ファイル\hlsl</Filter>
    </FxCompile>
    <FxCompile Include="resources\hlsl\Object3d.VS.hlsl">
      <Filter>リソース ファイル\hlsl</Filter>
    </FxCompile>
    <FxCompile Include="resources\hlsl\PostProsess.hlsl">
      <Filter>リソース ファイル\hlsl</Filter>
    </FxCompile>
    <FxCompile Include="resources\hlsl\Sprite.PS.hlsl">
      <Filter>リソース ファイル\hlsl</Filter>
    </FxCompile>
    <FxCompile Include="resources\hlsl\Sprite.VS.hlsl">
      <Filter>リソース ファイル\hlsl</Filter>
    </FxCompile>
    <FxCompile Include="resources\hlsl\Particle.PS.hlsl">
      <Filter>リソース ファイル\hlsl</Filter>
    </FxCompile>
    <FxCompile Include="resources\hlsl\Particle.VS.hlsl">
      <Filter>リソース ファイル\hlsl</Filter>
    </FxCompile>
  </ItemGroup>
  <ItemGroup>
    <ResourceCompile Include="Engine.rc">
      <Filter>リソース ファイル</Filter>
    </ResourceCompile>
  </ItemGroup>
</Project>